
Microsoft Visual Studio Solution File, Format Version 12.00
# Visual Studio Version 17
VisualStudioVersion = 17.4.33122.133
MinimumVisualStudioVersion = 10.0.40219.1
Project("{8BC9CEB8-8B4A-11D0-8D11-00A0C91BC942}") = "Sandbox", "Sandbox\Sandbox.vcxproj", "{31D44071-66E4-4C44-997B-7DCF790BDB93}"
EndProject
Project("{8BC9CEB8-8B4A-11D0-8D11-00A0C91BC942}") = "Dog", "Dog\Dog.vcxproj", "{FED9F6E5-0E42-41A0-9BD8-AD8350D51913}"
EndProject
Global
	GlobalSection(SolutionConfigurationPlatforms) = preSolution
		Debug|x64 = Debug|x64
		Release|x64 = Release|x64
	EndGlobalSection
	GlobalSection(ProjectConfigurationPlatforms) = postSolution
		{FED9F6E5-0E42-41A0-9BD8-AD8350D51913}.Debug|x64.ActiveCfg = Debug|x64
		{FED9F6E5-0E42-41A0-9BD8-AD8350D51913}.Debug|x64.Build.0 = Debug|x64
		{FED9F6E5-0E42-41A0-9BD8-AD8350D51913}.Release|x64.ActiveCfg = Release|x64
		{FED9F6E5-0E42-41A0-9BD8-AD8350D51913}.Release|x64.Build.0 = Release|x64
		{31D44071-66E4-4C44-997B-7DCF790BDB93}.Debug|x64.ActiveCfg = Debug|x64
		{31D44071-66E4-4C44-997B-7DCF790BDB93}.Debug|x64.Build.0 = Debug|x64
		{31D44071-66E4-4C44-997B-7DCF790BDB93}.Release|x64.ActiveCfg = Release|x64
		{31D44071-66E4-4C44-997B-7DCF790BDB93}.Release|x64.Build.0 = Release|x64
	EndGlobalSection
	GlobalSection(SolutionProperties) = preSolution
		HideSolutionNode = FALSE
	EndGlobalSection
	GlobalSection(ExtensibilityGlobals) = postSolution
		SolutionGuid = {28370EC1-7C8B-411B-8160-B574367B1FDA}
	EndGlobalSection
EndGlobal
