<?xml version="1.0" encoding="utf-8"?>
<Project ToolsVersion="4.0" xmlns="http://schemas.microsoft.com/developer/msbuild/2003">
  <ItemGroup>
    <Filter Include="Source Files">
      <UniqueIdentifier>{4FC737F1-C7A5-4376-A066-2A32D752A2FF}</UniqueIdentifier>
      <Extensions>cpp;c;cc;cxx;c++;cppm;ixx;def;odl;idl;hpj;bat;asm;asmx</Extensions>
    </Filter>
    <Filter Include="Header Files">
      <UniqueIdentifier>{93995380-89BD-4b04-88EB-625FBE52EBFB}</UniqueIdentifier>
      <Extensions>h;hh;hpp;hxx;h++;hm;inl;inc;ipp;xsd</Extensions>
    </Filter>
    <Filter Include="Resource Files">
      <UniqueIdentifier>{67DA6AB6-F800-4c08-8B7A-83BB121AAD01}</UniqueIdentifier>
      <Extensions>rc;ico;cur;bmp;dlg;rc2;rct;bin;rgs;gif;jpg;jpeg;jpe;resx;tiff;tif;png;wav;mfcribbon-ms</Extensions>
    </Filter>
  </ItemGroup>
  <ItemGroup>
    <ClCompile Include="src\main.cpp">
      <Filter>Source Files</Filter>
    </ClCompile>
    <ClCompile Include="src\PCH\pch.cpp">
      <Filter>Source Files</Filter>
    </ClCompile>
    <ClCompile Include="src\Engine.cpp">
      <Filter>Source Files</Filter>
    </ClCompile>
    <ClCompile Include="src\Dog\Input\KeyboardController.cpp">
      <Filter>Source Files</Filter>
    </ClCompile>
    <ClCompile Include="src\Dog\Entities\GameObject.cpp">
      <Filter>Source Files</Filter>
    </ClCompile>
    <ClCompile Include="src\Dog\Graphics\Vulkan\Buffers\Buffer.cpp">
      <Filter>Source Files</Filter>
    </ClCompile>
    <ClCompile Include="src\Dog\Graphics\Vulkan\Core\Device.cpp">
      <Filter>Source Files</Filter>
    </ClCompile>
    <ClCompile Include="src\Dog\Graphics\Vulkan\Core\SwapChain.cpp">
      <Filter>Source Files</Filter>
    </ClCompile>
    <ClCompile Include="src\Dog\Graphics\Vulkan\Descriptors\Descriptors.cpp">
      <Filter>Source Files</Filter>
    </ClCompile>
    <ClCompile Include="src\Dog\Graphics\Vulkan\Models\Animation.cpp">
      <Filter>Source Files</Filter>
    </ClCompile>
    <ClCompile Include="src\Dog\Graphics\Vulkan\Models\Animator.cpp">
      <Filter>Source Files</Filter>
    </ClCompile>
    <ClCompile Include="src\Dog\Graphics\Vulkan\Models\assimpGlmHelper.cpp">
      <Filter>Source Files</Filter>
    </ClCompile>
    <ClCompile Include="src\Dog\Graphics\Vulkan\Models\Bone.cpp">
      <Filter>Source Files</Filter>
    </ClCompile>
    <ClCompile Include="src\Dog\Graphics\Vulkan\Models\BoneInfo.cpp">
      <Filter>Source Files</Filter>
    </ClCompile>
    <ClCompile Include="src\Dog\Graphics\Vulkan\Texture\ImGuiTexture.cpp">
      <Filter>Source Files</Filter>
    </ClCompile>
    <ClCompile Include="src\Dog\Graphics\Vulkan\Models\Mesh.cpp">
      <Filter>Source Files</Filter>
    </ClCompile>
    <ClCompile Include="src\Dog\Graphics\Vulkan\Models\Model.cpp">
      <Filter>Source Files</Filter>
    </ClCompile>
    <ClCompile Include="src\Dog\Graphics\Vulkan\Models\ModelLibrary.cpp">
      <Filter>Source Files</Filter>
    </ClCompile>
    <ClCompile Include="src\Dog\Graphics\Vulkan\Texture\Texture.cpp">
      <Filter>Source Files</Filter>
    </ClCompile>
    <ClCompile Include="src\Dog\Graphics\Vulkan\Texture\TextureLibrary.cpp">
      <Filter>Source Files</Filter>
    </ClCompile>
    <ClCompile Include="src\Dog\Graphics\Vulkan\Pipeline\Pipeline.cpp">
      <Filter>Source Files</Filter>
    </ClCompile>
    <ClCompile Include="src\Dog\Graphics\Vulkan\Systems\PointLightSystem.cpp">
      <Filter>Source Files</Filter>
    </ClCompile>
    <ClCompile Include="src\Dog\Graphics\Vulkan\Systems\SimpleRenderSystem.cpp">
      <Filter>Source Files</Filter>
    </ClCompile>
    <ClCompile Include="src\Dog\Graphics\Vulkan\Utils\Utils.cpp">
      <Filter>Source Files</Filter>
    </ClCompile>
    <ClCompile Include="src\Dog\Graphics\Vulkan\Window\Window.cpp">
      <Filter>Source Files</Filter>
    </ClCompile>
    <ClCompile Include="src\Dog\Graphics\Vulkan\Camera.cpp">
      <Filter>Source Files</Filter>
    </ClCompile>
    <ClCompile Include="src\Dog\Graphics\Vulkan\Renderer.cpp">
      <Filter>Source Files</Filter>
    </ClCompile>
    <ClCompile Include="externals\imgui\backends\imgui_impl_glfw.cpp">
      <Filter>Source Files</Filter>
    </ClCompile>
    <ClCompile Include="externals\imgui\backends\imgui_impl_opengl3.cpp">
      <Filter>Source Files</Filter>
    </ClCompile>
    <ClCompile Include="externals\imgui\backends\imgui_impl_vulkan.cpp">
      <Filter>Source Files</Filter>
    </ClCompile>
    <ClCompile Include="externals\imgui\imgui.cpp">
      <Filter>Source Files</Filter>
    </ClCompile>
    <ClCompile Include="externals\imgui\imgui_demo.cpp">
      <Filter>Source Files</Filter>
    </ClCompile>
    <ClCompile Include="externals\imgui\imgui_draw.cpp">
      <Filter>Source Files</Filter>
    </ClCompile>
    <ClCompile Include="externals\imgui\imgui_stdlib.cpp">
      <Filter>Source Files</Filter>
    </ClCompile>
    <ClCompile Include="externals\imgui\imgui_tables.cpp">
      <Filter>Source Files</Filter>
    </ClCompile>
    <ClCompile Include="externals\imgui\imgui_widgets.cpp">
      <Filter>Source Files</Filter>
    </ClCompile>
  </ItemGroup>
  <ItemGroup>
    <ClInclude Include="src\PCH\pch.h">
      <Filter>Header Files</Filter>
    </ClInclude>
    <ClInclude Include="src\Engine.h">
      <Filter>Header Files</Filter>
    </ClInclude>
    <ClInclude Include="src\Dog\Input\KeyboardController.h">
      <Filter>Header Files</Filter>
    </ClInclude>
    <ClInclude Include="src\Dog\Entities\GameObject.h">
      <Filter>Header Files</Filter>
    </ClInclude>
    <ClInclude Include="src\Dog\Graphics\Vulkan\Buffers\Buffer.h">
      <Filter>Header Files</Filter>
    </ClInclude>
    <ClInclude Include="src\Dog\Graphics\Vulkan\Core\Device.h">
      <Filter>Header Files</Filter>
    </ClInclude>
    <ClInclude Include="src\Dog\Graphics\Vulkan\Core\SwapChain.h">
      <Filter>Header Files</Filter>
    </ClInclude>
    <ClInclude Include="src\Dog\Graphics\Vulkan\Descriptors\Descriptors.h">
      <Filter>Header Files</Filter>
    </ClInclude>
    <ClInclude Include="src\Dog\Graphics\Vulkan\Models\Animation.h">
      <Filter>Header Files</Filter>
    </ClInclude>
    <ClInclude Include="src\Dog\Graphics\Vulkan\Models\Animator.h">
      <Filter>Header Files</Filter>
    </ClInclude>
    <ClInclude Include="src\Dog\Graphics\Vulkan\Models\assimpGlmHelper.h">
      <Filter>Header Files</Filter>
    </ClInclude>
    <ClInclude Include="src\Dog\Graphics\Vulkan\Models\Bone.h">
      <Filter>Header Files</Filter>
    </ClInclude>
    <ClInclude Include="src\Dog\Graphics\Vulkan\Models\BoneInfo.h">
      <Filter>Header Files</Filter>
    </ClInclude>
    <ClInclude Include="src\Dog\Graphics\Vulkan\Texture\ImGuiTexture.h">
      <Filter>Header Files</Filter>
    </ClInclude>
    <ClInclude Include="src\Dog\Graphics\Vulkan\Models\Mesh.h">
      <Filter>Header Files</Filter>
    </ClInclude>
    <ClInclude Include="src\Dog\Graphics\Vulkan\Models\Model.h">
      <Filter>Header Files</Filter>
    </ClInclude>
    <ClInclude Include="src\Dog\Graphics\Vulkan\Models\ModelLibrary.h">
      <Filter>Header Files</Filter>
    </ClInclude>
    <ClInclude Include="src\Dog\Graphics\Vulkan\Texture\Texture.h">
      <Filter>Header Files</Filter>
    </ClInclude>
    <ClInclude Include="src\Dog\Graphics\Vulkan\Texture\TextureLibrary.h">
      <Filter>Header Files</Filter>
    </ClInclude>
    <ClInclude Include="src\Dog\Graphics\Vulkan\Pipeline\Pipeline.h">
      <Filter>Header Files</Filter>
    </ClInclude>
    <ClInclude Include="src\Dog\Graphics\Vulkan\Systems\PointLightSystem.h">
      <Filter>Header Files</Filter>
    </ClInclude>
    <ClInclude Include="src\Dog\Graphics\Vulkan\Systems\SimpleRenderSystem.h">
      <Filter>Header Files</Filter>
    </ClInclude>
    <ClInclude Include="src\Dog\Graphics\Vulkan\Utils\Utils.h">
      <Filter>Header Files</Filter>
    </ClInclude>
    <ClInclude Include="src\Dog\Graphics\Vulkan\Window\Window.h">
      <Filter>Header Files</Filter>
    </ClInclude>
    <ClInclude Include="src\Dog\Graphics\Vulkan\Camera.h">
      <Filter>Header Files</Filter>
    </ClInclude>
    <ClInclude Include="src\Dog\Graphics\Vulkan\FrameInfo.h">
      <Filter>Header Files</Filter>
    </ClInclude>
    <ClInclude Include="src\Dog\Graphics\Vulkan\Renderer.h">
      <Filter>Header Files</Filter>
    </ClInclude>
    <ClInclude Include="externals\imgui\backends\imgui_impl_glfw.h">
      <Filter>Header Files</Filter>
    </ClInclude>
    <ClInclude Include="externals\imgui\backends\imgui_impl_opengl3.h">
      <Filter>Header Files</Filter>
    </ClInclude>
    <ClInclude Include="externals\imgui\backends\imgui_impl_opengl3_loader.h">
      <Filter>Header Files</Filter>
    </ClInclude>
    <ClInclude Include="externals\imgui\backends\imgui_impl_vulkan.h">
      <Filter>Header Files</Filter>
    </ClInclude>
    <ClInclude Include="externals\imgui\imconfig.h">
      <Filter>Header Files</Filter>
    </ClInclude>
    <ClInclude Include="externals\imgui\imgui.h">
      <Filter>Header Files</Filter>
    </ClInclude>
    <ClInclude Include="externals\imgui\imgui_internal.h">
      <Filter>Header Files</Filter>
    </ClInclude>
    <ClInclude Include="externals\imgui\imgui_stdlib.h">
      <Filter>Header Files</Filter>
    </ClInclude>
    <ClInclude Include="externals\imgui\imstb_rectpack.h">
      <Filter>Header Files</Filter>
    </ClInclude>
    <ClInclude Include="externals\imgui\imstb_textedit.h">
      <Filter>Header Files</Filter>
    </ClInclude>
    <ClInclude Include="externals\imgui\imstb_truetype.h">
      <Filter>Header Files</Filter>
    </ClInclude>
  </ItemGroup>
</Project>